
Microsoft Visual Studio Solution File, Format Version 12.00
# Visual Studio Version 17
VisualStudioVersion = 17.5.33530.505
MinimumVisualStudioVersion = 10.0.40219.1
Project("{2150E333-8FDC-42A3-9474-1A3956D46DE8}") = "src", "src", "{F405DEBF-0A5F-4C71-953E-4DD9A3AAC4E6}"
EndProject
Project("{2150E333-8FDC-42A3-9474-1A3956D46DE8}") = "tests", "tests", "{862DB003-D94A-4F2E-BCE8-F589CDF802E9}"
EndProject
Project("{2150E333-8FDC-42A3-9474-1A3956D46DE8}") = "StocksApp", "StocksApp", "{427F047A-F0F9-4370-B3A2-51732B30A345}"
EndProject
Project("{9A19103F-16F7-4668-BE54-9A1E7A4F7556}") = "Stocks.Core", "src\StocksApp\Stocks.Core\Stocks.Core.csproj", "{7D7B1B0A-17A1-454C-9CC4-5A230AEED801}"
EndProject
Project("{FAE04EC0-301F-11D3-BF4B-00C04F79EFBC}") = "Stocks.Infrastructure", "src\StocksApp\Stocks.Infrastructure\Stocks.Infrastructure.csproj", "{19DF58FF-3C2E-43D6-8119-DD2BACF0792D}"
EndProject
Project("{FAE04EC0-301F-11D3-BF4B-00C04F79EFBC}") = "Stocks.Web", "src\StocksApp\Stocks.Web\Stocks.Web.csproj", "{C8F9928D-CDC0-49D7-8151-B8AEBCB69E14}"
EndProject
Project("{FAE04EC0-301F-11D3-BF4B-00C04F79EFBC}") = "Stocks.Services.Tests", "tests\Stocks.Services.Tests\Stocks.Services.Tests.csproj", "{441BE77D-88C4-4226-8068-441243BBA73B}"
EndProject
Project("{FAE04EC0-301F-11D3-BF4B-00C04F79EFBC}") = "Stocks.Integration.Tests", "tests\Stocks.Integration.Tests\Stocks.Integration.Tests.csproj", "{DF233CB7-EB90-43B3-AE84-17090A8AC088}"
EndProject
Project("{FAE04EC0-301F-11D3-BF4B-00C04F79EFBC}") = "Stocks.Controllers.Test", "tests\Stocks.Controllers.Test\Stocks.Controllers.Test.csproj", "{249B186E-BA34-4491-98EA-C943672F88CD}"
EndProject
Global
	GlobalSection(SolutionConfigurationPlatforms) = preSolution
		Debug|Any CPU = Debug|Any CPU
		Release|Any CPU = Release|Any CPU
	EndGlobalSection
	GlobalSection(ProjectConfigurationPlatforms) = postSolution
		{7D7B1B0A-17A1-454C-9CC4-5A230AEED801}.Debug|Any CPU.ActiveCfg = Debug|Any CPU
		{7D7B1B0A-17A1-454C-9CC4-5A230AEED801}.Debug|Any CPU.Build.0 = Debug|Any CPU
		{7D7B1B0A-17A1-454C-9CC4-5A230AEED801}.Release|Any CPU.ActiveCfg = Release|Any CPU
		{7D7B1B0A-17A1-454C-9CC4-5A230AEED801}.Release|Any CPU.Build.0 = Release|Any CPU
		{19DF58FF-3C2E-43D6-8119-DD2BACF0792D}.Debug|Any CPU.ActiveCfg = Debug|Any CPU
		{19DF58FF-3C2E-43D6-8119-DD2BACF0792D}.Debug|Any CPU.Build.0 = Debug|Any CPU
		{19DF58FF-3C2E-43D6-8119-DD2BACF0792D}.Release|Any CPU.ActiveCfg = Release|Any CPU
		{19DF58FF-3C2E-43D6-8119-DD2BACF0792D}.Release|Any CPU.Build.0 = Release|Any CPU
		{C8F9928D-CDC0-49D7-8151-B8AEBCB69E14}.Debug|Any CPU.ActiveCfg = Debug|Any CPU
		{C8F9928D-CDC0-49D7-8151-B8AEBCB69E14}.Debug|Any CPU.Build.0 = Debug|Any CPU
		{C8F9928D-CDC0-49D7-8151-B8AEBCB69E14}.Release|Any CPU.ActiveCfg = Release|Any CPU
		{C8F9928D-CDC0-49D7-8151-B8AEBCB69E14}.Release|Any CPU.Build.0 = Release|Any CPU
		{441BE77D-88C4-4226-8068-441243BBA73B}.Debug|Any CPU.ActiveCfg = Debug|Any CPU
		{441BE77D-88C4-4226-8068-441243BBA73B}.Debug|Any CPU.Build.0 = Debug|Any CPU
		{441BE77D-88C4-4226-8068-441243BBA73B}.Release|Any CPU.ActiveCfg = Release|Any CPU
		{441BE77D-88C4-4226-8068-441243BBA73B}.Release|Any CPU.Build.0 = Release|Any CPU
		{DF233CB7-EB90-43B3-AE84-17090A8AC088}.Debug|Any CPU.ActiveCfg = Debug|Any CPU
		{DF233CB7-EB90-43B3-AE84-17090A8AC088}.Debug|Any CPU.Build.0 = Debug|Any CPU
		{DF233CB7-EB90-43B3-AE84-17090A8AC088}.Release|Any CPU.ActiveCfg = Release|Any CPU
		{DF233CB7-EB90-43B3-AE84-17090A8AC088}.Release|Any CPU.Build.0 = Release|Any CPU
		{249B186E-BA34-4491-98EA-C943672F88CD}.Debug|Any CPU.ActiveCfg = Debug|Any CPU
		{249B186E-BA34-4491-98EA-C943672F88CD}.Debug|Any CPU.Build.0 = Debug|Any CPU
		{249B186E-BA34-4491-98EA-C943672F88CD}.Release|Any CPU.ActiveCfg = Release|Any CPU
		{249B186E-BA34-4491-98EA-C943672F88CD}.Release|Any CPU.Build.0 = Release|Any CPU
	EndGlobalSection
	GlobalSection(SolutionProperties) = preSolution
		HideSolutionNode = FALSE
	EndGlobalSection
	GlobalSection(NestedProjects) = preSolution
		{427F047A-F0F9-4370-B3A2-51732B30A345} = {F405DEBF-0A5F-4C71-953E-4DD9A3AAC4E6}
		{7D7B1B0A-17A1-454C-9CC4-5A230AEED801} = {427F047A-F0F9-4370-B3A2-51732B30A345}
		{19DF58FF-3C2E-43D6-8119-DD2BACF0792D} = {427F047A-F0F9-4370-B3A2-51732B30A345}
		{C8F9928D-CDC0-49D7-8151-B8AEBCB69E14} = {427F047A-F0F9-4370-B3A2-51732B30A345}
		{441BE77D-88C4-4226-8068-441243BBA73B} = {862DB003-D94A-4F2E-BCE8-F589CDF802E9}
		{DF233CB7-EB90-43B3-AE84-17090A8AC088} = {862DB003-D94A-4F2E-BCE8-F589CDF802E9}
		{249B186E-BA34-4491-98EA-C943672F88CD} = {862DB003-D94A-4F2E-BCE8-F589CDF802E9}
	EndGlobalSection
	GlobalSection(ExtensibilityGlobals) = postSolution
		SolutionGuid = {9F7AFA10-C56E-478F-BABB-7694FF71F2B4}
	EndGlobalSection
EndGlobal
